{
  "name": "@digitalocean/pydo",
  "lockfileVersion": 2,
  "requires": true,
  "packages": {
    "": {
      "name": "@digitalocean/pydo",
      "license": "Apache-2.0",
      "devDependencies": {
        "@autorest/core": "~3.9.0",
        "@autorest/modelerfour": "~4.23.6",
        "autorest": "~3.6.1"
      }
    },
    "node_modules/@autorest/core": {
      "version": "3.9.0",
      "resolved": "https://registry.npmjs.org/@autorest/core/-/core-3.9.0.tgz",
      "integrity": "sha512-qLpoSQVwrapzwTXNq/QnWiOZstuNowYdYIKmE5tYwiREvitfi/9dNE3GDEQwo6ailQIkw7EV3W5aWFuxGDo5Xw==",
      "dev": true,
      "bin": {
        "autorest-core": "entrypoints/app.js",
        "autorest-language-service": "entrypoints/language-service.js"
      },
      "engines": {
        "node": ">=12.0.0"
      }
    },
    "node_modules/@autorest/modelerfour": {
      "version": "4.23.7",
      "resolved": "https://registry.npmjs.org/@autorest/modelerfour/-/modelerfour-4.23.7.tgz",
      "integrity": "sha512-BVjzDd12LvYSkI20WTUgz4RPPPCYtewaWbYmcztltJzRtRe8T9dbaXjM1bySysI8feJSIpgAja2e+lhyKDKX+w==",
      "dev": true,
      "engines": {
        "node": ">=12.0.0"
      }
    },
    "node_modules/autorest": {
      "version": "3.6.1",
      "resolved": "https://registry.npmjs.org/autorest/-/autorest-3.6.1.tgz",
      "integrity": "sha512-tTOnfQq+LAyqnxFrOOnyCEaErXnjRTgduUN7a8LUv2u5deqDlI0zoJllHeIEYDZS2o2Kr1s8pDj2NxaFPOWldg==",
      "dev": true,
      "hasInstallScript": true,
      "bin": {
        "autorest": "entrypoints/app.js"
      },
      "engines": {
        "node": ">=12.0.0"
      }
    }
  },
  "dependencies": {
    "@autorest/core": {
      "version": "3.9.0",
      "resolved": "https://registry.npmjs.org/@autorest/core/-/core-3.9.0.tgz",
      "integrity": "sha512-qLpoSQVwrapzwTXNq/QnWiOZstuNowYdYIKmE5tYwiREvitfi/9dNE3GDEQwo6ailQIkw7EV3W5aWFuxGDo5Xw==",
      "dev": true
    },
    "@autorest/modelerfour": {
      "version": "4.23.7",
      "resolved": "https://registry.npmjs.org/@autorest/modelerfour/-/modelerfour-4.23.7.tgz",
      "integrity": "sha512-BVjzDd12LvYSkI20WTUgz4RPPPCYtewaWbYmcztltJzRtRe8T9dbaXjM1bySysI8feJSIpgAja2e+lhyKDKX+w==",
      "dev": true
    },
    "autorest": {
      "version": "3.6.1",
      "resolved": "https://registry.npmjs.org/autorest/-/autorest-3.6.1.tgz",
      "integrity": "sha512-tTOnfQq+LAyqnxFrOOnyCEaErXnjRTgduUN7a8LUv2u5deqDlI0zoJllHeIEYDZS2o2Kr1s8pDj2NxaFPOWldg==",
      "dev": true
    }
  }
}
